
Microsoft Visual Studio Solution File, Format Version 12.00
# Visual Studio 15
VisualStudioVersion = 15.0.28307.421
MinimumVisualStudioVersion = 10.0.40219.1
Project("{FAE04EC0-301F-11D3-BF4B-00C04F79EFBC}") = "ProjetoC", "ProjetoC\ProjetoC.csproj", "{03F6C788-73E1-46BA-B970-CAE0FF3706F6}"
EndProject
Global
	GlobalSection(SolutionConfigurationPlatforms) = preSolution
		Debug|Any CPU = Debug|Any CPU
		Release|Any CPU = Release|Any CPU
	EndGlobalSection
	GlobalSection(ProjectConfigurationPlatforms) = postSolution
		{03F6C788-73E1-46BA-B970-CAE0FF3706F6}.Debug|Any CPU.ActiveCfg = Debug|Any CPU
		{03F6C788-73E1-46BA-B970-CAE0FF3706F6}.Debug|Any CPU.Build.0 = Debug|Any CPU
		{03F6C788-73E1-46BA-B970-CAE0FF3706F6}.Release|Any CPU.ActiveCfg = Release|Any CPU
		{03F6C788-73E1-46BA-B970-CAE0FF3706F6}.Release|Any CPU.Build.0 = Release|Any CPU
	EndGlobalSection
	GlobalSection(SolutionProperties) = preSolution
		HideSolutionNode = FALSE
	EndGlobalSection
	GlobalSection(ExtensibilityGlobals) = postSolution
		SolutionGuid = {8C4B2088-69CE-490B-9C7C-979EF33B9322}
	EndGlobalSection
EndGlobal
